
Microsoft Visual Studio Solution File, Format Version 12.00
# Visual Studio Version 17
VisualStudioVersion = 17.3.32825.248
MinimumVisualStudioVersion = 10.0.40219.1
Project("{FAE04EC0-301F-11D3-BF4B-00C04F79EFBC}") = "Entrance", "Entrance.csproj", "{127B4182-40C4-4511-BC74-56E863955201}"
EndProject
Global
	GlobalSection(SolutionConfigurationPlatforms) = preSolution
		Debug|Any CPU = Debug|Any CPU
		Release|Any CPU = Release|Any CPU
	EndGlobalSection
	GlobalSection(ProjectConfigurationPlatforms) = postSolution
		{127B4182-40C4-4511-BC74-56E863955201}.Debug|Any CPU.ActiveCfg = Debug|Any CPU
		{127B4182-40C4-4511-BC74-56E863955201}.Debug|Any CPU.Build.0 = Debug|Any CPU
		{127B4182-40C4-4511-BC74-56E863955201}.Release|Any CPU.ActiveCfg = Release|Any CPU
		{127B4182-40C4-4511-BC74-56E863955201}.Release|Any CPU.Build.0 = Release|Any CPU
	EndGlobalSection
	GlobalSection(SolutionProperties) = preSolution
		HideSolutionNode = FALSE
	EndGlobalSection
	GlobalSection(ExtensibilityGlobals) = postSolution
		SolutionGuid = {5C2CBBD4-C575-437F-99D3-5F6A83EB86F2}
	EndGlobalSection
EndGlobal
